// !$*UTF8*$!
{
	archiveVersion = 1;
	classes = {
	};
	objectVersion = 55;
	objects = {

/* Begin PBXBuildFile section */
		C37CE90527BA697A003A6649 /* scott.c in Sources */ = {isa = PBXBuildFile; fileRef = C37CE8F227BA6979003A6649 /* scott.c */; };
		C37CE90627BA697A003A6649 /* gameinfo.c in Sources */ = {isa = PBXBuildFile; fileRef = C37CE8F627BA697A003A6649 /* gameinfo.c */; };
		C37CE90727BA697A003A6649 /* detectgame.c in Sources */ = {isa = PBXBuildFile; fileRef = C37CE8F827BA697A003A6649 /* detectgame.c */; };
		C37CE90827BA697A003A6649 /* parser.c in Sources */ = {isa = PBXBuildFile; fileRef = C37CE8F927BA697A003A6649 /* parser.c */; };
		C37CE90927BA697A003A6649 /* bsd.c in Sources */ = {isa = PBXBuildFile; fileRef = C37CE8FA27BA697A003A6649 /* bsd.c */; };
		C37CE90A27BA697A003A6649 /* layouttext.c in Sources */ = {isa = PBXBuildFile; fileRef = C37CE8FB27BA697A003A6649 /* layouttext.c */; };
		C37CE90C27BA697A003A6649 /* load_TI99_4a.c in Sources */ = {isa = PBXBuildFile; fileRef = C37CE90227BA697A003A6649 /* load_TI99_4a.c */; };
		C37CE90D27BA697A003A6649 /* restorestate.c in Sources */ = {isa = PBXBuildFile; fileRef = C37CE90327BA697A003A6649 /* restorestate.c */; };
		C37CE99627BA7152003A6649 /* decompresstext.c in Sources */ = {isa = PBXBuildFile; fileRef = C37CE99527BA7152003A6649 /* decompresstext.c */; };
		C37CE9B827BA7848003A6649 /* main.c in Sources */ = {isa = PBXBuildFile; fileRef = C37CE95427BA6B6A003A6649 /* main.c */; };
		C37CE9BC27BA797D003A6649 /* libglkmain.a in Frameworks */ = {isa = PBXBuildFile; fileRef = C37CE9B427BA783E003A6649 /* libglkmain.a */; };
		C37CE9C527BA79E3003A6649 /* gi_blorb.c in Sources */ = {isa = PBXBuildFile; fileRef = C37CE94127BA6B6A003A6649 /* gi_blorb.c */; };
		C37CE9C627BA79E3003A6649 /* gtmisc.c in Sources */ = {isa = PBXBuildFile; fileRef = C37CE94327BA6B6A003A6649 /* gtmisc.c */; };
		C37CE9C727BA79E3003A6649 /* gtfref.c in Sources */ = {isa = PBXBuildFile; fileRef = C37CE94427BA6B6A003A6649 /* gtfref.c */; };
		C37CE9C827BA79E3003A6649 /* gtw_pair.c in Sources */ = {isa = PBXBuildFile; fileRef = C37CE94627BA6B6A003A6649 /* gtw_pair.c */; };
		C37CE9C927BA79E3003A6649 /* gtschan.c in Sources */ = {isa = PBXBuildFile; fileRef = C37CE94727BA6B6A003A6649 /* gtschan.c */; };
		C37CE9CA27BA79E3003A6649 /* gtmessag.c in Sources */ = {isa = PBXBuildFile; fileRef = C37CE94C27BA6B6A003A6649 /* gtmessag.c */; };
		C37CE9CB27BA79E3003A6649 /* cgunicod.c in Sources */ = {isa = PBXBuildFile; fileRef = C37CE94F27BA6B6A003A6649 /* cgunicod.c */; };
		C37CE9CC27BA79E3003A6649 /* gtw_buf.c in Sources */ = {isa = PBXBuildFile; fileRef = C37CE95327BA6B6A003A6649 /* gtw_buf.c */; };
		C37CE9CD27BA79E3003A6649 /* gtinput.c in Sources */ = {isa = PBXBuildFile; fileRef = C37CE95527BA6B6A003A6649 /* gtinput.c */; };
		C37CE9CE27BA79E3003A6649 /* gtw_blnk.c in Sources */ = {isa = PBXBuildFile; fileRef = C37CE95627BA6B6A003A6649 /* gtw_blnk.c */; };
		C37CE9CF27BA79E3003A6649 /* gtmessin.c in Sources */ = {isa = PBXBuildFile; fileRef = C37CE95827BA6B6A003A6649 /* gtmessin.c */; };
		C37CE9D027BA79E3003A6649 /* cgdate.c in Sources */ = {isa = PBXBuildFile; fileRef = C37CE95927BA6B6A003A6649 /* cgdate.c */; };
		C37CE9D127BA79E3003A6649 /* glkstart.c in Sources */ = {isa = PBXBuildFile; fileRef = C37CE95A27BA6B6A003A6649 /* glkstart.c */; };
		C37CE9D227BA79E3003A6649 /* gtevent.c in Sources */ = {isa = PBXBuildFile; fileRef = C37CE95B27BA6B6A003A6649 /* gtevent.c */; };
		C37CE9D327BA79E3003A6649 /* gtstyle.c in Sources */ = {isa = PBXBuildFile; fileRef = C37CE95C27BA6B6A003A6649 /* gtstyle.c */; };
		C37CE9D427BA79E3003A6649 /* gi_dispa.c in Sources */ = {isa = PBXBuildFile; fileRef = C37CE95E27BA6B6A003A6649 /* gi_dispa.c */; };
		C37CE9D527BA79E3003A6649 /* gtblorb.c in Sources */ = {isa = PBXBuildFile; fileRef = C37CE95F27BA6B6A003A6649 /* gtblorb.c */; };
		C37CE9D627BA79E3003A6649 /* gtw_grid.c in Sources */ = {isa = PBXBuildFile; fileRef = C37CE96027BA6B6A003A6649 /* gtw_grid.c */; };
		C37CE9D727BA79E3003A6649 /* gtwindow.c in Sources */ = {isa = PBXBuildFile; fileRef = C37CE96427BA6B6A003A6649 /* gtwindow.c */; };
		C37CE9D827BA79E3003A6649 /* gtgestal.c in Sources */ = {isa = PBXBuildFile; fileRef = C37CE96527BA6B6A003A6649 /* gtgestal.c */; };
		C37CE9D927BA79E3003A6649 /* gtstream.c in Sources */ = {isa = PBXBuildFile; fileRef = C37CE96727BA6B6A003A6649 /* gtstream.c */; };
		C37CE9DC27BA7A26003A6649 /* libglkterm.a in Frameworks */ = {isa = PBXBuildFile; fileRef = C37CE9C127BA79B8003A6649 /* libglkterm.a */; };
		C37CE9DD27BA7A39003A6649 /* libncurses.5.4.tbd in Frameworks */ = {isa = PBXBuildFile; fileRef = C37CE99227BA705D003A6649 /* libncurses.5.4.tbd */; };
/* End PBXBuildFile section */

/* Begin PBXContainerItemProxy section */
		C37CE9DA27BA79EA003A6649 /* PBXContainerItemProxy */ = {
			isa = PBXContainerItemProxy;
			containerPortal = C37CE8DE27BA68D5003A6649 /* Project object */;
			proxyType = 1;
			remoteGlobalIDString = C37CE9B327BA783E003A6649;
			remoteInfo = glkmain;
		};
/* End PBXContainerItemProxy section */

/* Begin PBXCopyFilesBuildPhase section */
		C37CE8E427BA68D5003A6649 /* CopyFiles */ = {
			isa = PBXCopyFilesBuildPhase;
			buildActionMask = 2147483647;
			dstPath = /usr/share/man/man1/;
			dstSubfolderSpec = 0;
			files = (
			);
			runOnlyForDeploymentPostprocessing = 1;
		};
		C37CE98E27BA6D14003A6649 /* Embed Libraries */ = {
			isa = PBXCopyFilesBuildPhase;
			buildActionMask = 2147483647;
			dstPath = "";
			dstSubfolderSpec = 10;
			files = (
			);
			name = "Embed Libraries";
			runOnlyForDeploymentPostprocessing = 0;
		};
/* End PBXCopyFilesBuildPhase section */

/* Begin PBXFileReference section */
		C37CE8E627BA68D5003A6649 /* scottfree */ = {isa = PBXFileReference; explicitFileType = "compiled.mach-o.executable"; includeInIndex = 0; path = scottfree; sourceTree = BUILT_PRODUCTS_DIR; };
		C37CE8F027BA6979003A6649 /* README */ = {isa = PBXFileReference; fileEncoding = 4; lastKnownFileType = text; path = README; sourceTree = "<group>"; };
		C37CE8F127BA6979003A6649 /* restorestate.h */ = {isa = PBXFileReference; fileEncoding = 4; lastKnownFileType = sourcecode.c.h; path = restorestate.h; sourceTree = "<group>"; };
		C37CE8F227BA6979003A6649 /* scott.c */ = {isa = PBXFileReference; fileEncoding = 4; lastKnownFileType = sourcecode.c.c; path = scott.c; sourceTree = "<group>"; };
		C37CE8F327BA6979003A6649 /* load_TI99_4a.h */ = {isa = PBXFileReference; fileEncoding = 4; lastKnownFileType = sourcecode.c.h; path = load_TI99_4a.h; sourceTree = "<group>"; };
		C37CE8F427BA6979003A6649 /* detectgame.h */ = {isa = PBXFileReference; fileEncoding = 4; lastKnownFileType = sourcecode.c.h; path = detectgame.h; sourceTree = "<group>"; };
		C37CE8F527BA697A003A6649 /* bsd.h */ = {isa = PBXFileReference; fileEncoding = 4; lastKnownFileType = sourcecode.c.h; path = bsd.h; sourceTree = "<group>"; };
		C37CE8F627BA697A003A6649 /* gameinfo.c */ = {isa = PBXFileReference; fileEncoding = 4; lastKnownFileType = sourcecode.c.c; path = gameinfo.c; sourceTree = "<group>"; };
		C37CE8F727BA697A003A6649 /* gameinfo.h */ = {isa = PBXFileReference; fileEncoding = 4; lastKnownFileType = sourcecode.c.h; path = gameinfo.h; sourceTree = "<group>"; };
		C37CE8F827BA697A003A6649 /* detectgame.c */ = {isa = PBXFileReference; fileEncoding = 4; lastKnownFileType = sourcecode.c.c; path = detectgame.c; sourceTree = "<group>"; };
		C37CE8F927BA697A003A6649 /* parser.c */ = {isa = PBXFileReference; fileEncoding = 4; lastKnownFileType = sourcecode.c.c; path = parser.c; sourceTree = "<group>"; };
		C37CE8FA27BA697A003A6649 /* bsd.c */ = {isa = PBXFileReference; fileEncoding = 4; lastKnownFileType = sourcecode.c.c; path = bsd.c; sourceTree = "<group>"; };
		C37CE8FB27BA697A003A6649 /* layouttext.c */ = {isa = PBXFileReference; fileEncoding = 4; lastKnownFileType = sourcecode.c.c; path = layouttext.c; sourceTree = "<group>"; };
		C37CE8FC27BA697A003A6649 /* Definition.txt */ = {isa = PBXFileReference; fileEncoding = 4; lastKnownFileType = text; path = Definition.txt; sourceTree = "<group>"; };
		C37CE8FD27BA697A003A6649 /* parser.h */ = {isa = PBXFileReference; fileEncoding = 4; lastKnownFileType = sourcecode.c.h; path = parser.h; sourceTree = "<group>"; };
		C37CE8FE27BA697A003A6649 /* scott.h */ = {isa = PBXFileReference; fileEncoding = 4; lastKnownFileType = sourcecode.c.h; path = scott.h; sourceTree = "<group>"; };
		C37CE8FF27BA697A003A6649 /* definitions.h */ = {isa = PBXFileReference; fileEncoding = 4; lastKnownFileType = sourcecode.c.h; path = definitions.h; sourceTree = "<group>"; };
		C37CE90227BA697A003A6649 /* load_TI99_4a.c */ = {isa = PBXFileReference; fileEncoding = 4; lastKnownFileType = sourcecode.c.c; path = load_TI99_4a.c; sourceTree = "<group>"; };
		C37CE90327BA697A003A6649 /* restorestate.c */ = {isa = PBXFileReference; fileEncoding = 4; lastKnownFileType = sourcecode.c.c; path = restorestate.c; sourceTree = "<group>"; };
		C37CE90427BA697A003A6649 /* layouttext.h */ = {isa = PBXFileReference; fileEncoding = 4; lastKnownFileType = sourcecode.c.h; path = layouttext.h; sourceTree = "<group>"; };
		C37CE94027BA6B6A003A6649 /* gtw_blnk.h */ = {isa = PBXFileReference; lastKnownFileType = sourcecode.c.h; path = gtw_blnk.h; sourceTree = "<group>"; };
		C37CE94127BA6B6A003A6649 /* gi_blorb.c */ = {isa = PBXFileReference; lastKnownFileType = sourcecode.c.c; path = gi_blorb.c; sourceTree = "<group>"; };
		C37CE94227BA6B6A003A6649 /* gtw_buf.h */ = {isa = PBXFileReference; lastKnownFileType = sourcecode.c.h; path = gtw_buf.h; sourceTree = "<group>"; };
		C37CE94327BA6B6A003A6649 /* gtmisc.c */ = {isa = PBXFileReference; lastKnownFileType = sourcecode.c.c; path = gtmisc.c; sourceTree = "<group>"; };
		C37CE94427BA6B6A003A6649 /* gtfref.c */ = {isa = PBXFileReference; lastKnownFileType = sourcecode.c.c; path = gtfref.c; sourceTree = "<group>"; };
		C37CE94527BA6B6A003A6649 /* cgunigen.c */ = {isa = PBXFileReference; lastKnownFileType = sourcecode.c.c; path = cgunigen.c; sourceTree = "<group>"; };
		C37CE94627BA6B6A003A6649 /* gtw_pair.c */ = {isa = PBXFileReference; lastKnownFileType = sourcecode.c.c; path = gtw_pair.c; sourceTree = "<group>"; };
		C37CE94727BA6B6A003A6649 /* gtschan.c */ = {isa = PBXFileReference; lastKnownFileType = sourcecode.c.c; path = gtschan.c; sourceTree = "<group>"; };
		C37CE94827BA6B6A003A6649 /* LICENSE */ = {isa = PBXFileReference; lastKnownFileType = text; path = LICENSE; sourceTree = "<group>"; };
		C37CE94927BA6B6A003A6649 /* glk.h */ = {isa = PBXFileReference; lastKnownFileType = sourcecode.c.h; path = glk.h; sourceTree = "<group>"; };
		C37CE94A27BA6B6A003A6649 /* glkstart.h */ = {isa = PBXFileReference; lastKnownFileType = sourcecode.c.h; path = glkstart.h; sourceTree = "<group>"; };
		C37CE94B27BA6B6A003A6649 /* Makefile */ = {isa = PBXFileReference; lastKnownFileType = sourcecode.make; path = Makefile; sourceTree = "<group>"; };
		C37CE94C27BA6B6A003A6649 /* gtmessag.c */ = {isa = PBXFileReference; lastKnownFileType = sourcecode.c.c; path = gtmessag.c; sourceTree = "<group>"; };
		C37CE94D27BA6B6A003A6649 /* gtw_grid.h */ = {isa = PBXFileReference; lastKnownFileType = sourcecode.c.h; path = gtw_grid.h; sourceTree = "<group>"; };
		C37CE94E27BA6B6A003A6649 /* gi_dispa.h */ = {isa = PBXFileReference; lastKnownFileType = sourcecode.c.h; path = gi_dispa.h; sourceTree = "<group>"; };
		C37CE94F27BA6B6A003A6649 /* cgunicod.c */ = {isa = PBXFileReference; lastKnownFileType = sourcecode.c.c; path = cgunicod.c; sourceTree = "<group>"; };
		C37CE95027BA6B6A003A6649 /* gtoption.h */ = {isa = PBXFileReference; lastKnownFileType = sourcecode.c.h; path = gtoption.h; sourceTree = "<group>"; };
		C37CE95127BA6B6A003A6649 /* gtw_pair.h */ = {isa = PBXFileReference; lastKnownFileType = sourcecode.c.h; path = gtw_pair.h; sourceTree = "<group>"; };
		C37CE95227BA6B6A003A6649 /* gi_blorb.h */ = {isa = PBXFileReference; lastKnownFileType = sourcecode.c.h; path = gi_blorb.h; sourceTree = "<group>"; };
		C37CE95327BA6B6A003A6649 /* gtw_buf.c */ = {isa = PBXFileReference; lastKnownFileType = sourcecode.c.c; path = gtw_buf.c; sourceTree = "<group>"; };
		C37CE95427BA6B6A003A6649 /* main.c */ = {isa = PBXFileReference; lastKnownFileType = sourcecode.c.c; path = main.c; sourceTree = "<group>"; };
		C37CE95527BA6B6A003A6649 /* gtinput.c */ = {isa = PBXFileReference; lastKnownFileType = sourcecode.c.c; path = gtinput.c; sourceTree = "<group>"; };
		C37CE95627BA6B6A003A6649 /* gtw_blnk.c */ = {isa = PBXFileReference; lastKnownFileType = sourcecode.c.c; path = gtw_blnk.c; sourceTree = "<group>"; };
		C37CE95827BA6B6A003A6649 /* gtmessin.c */ = {isa = PBXFileReference; lastKnownFileType = sourcecode.c.c; path = gtmessin.c; sourceTree = "<group>"; };
		C37CE95927BA6B6A003A6649 /* cgdate.c */ = {isa = PBXFileReference; lastKnownFileType = sourcecode.c.c; path = cgdate.c; sourceTree = "<group>"; };
		C37CE95A27BA6B6A003A6649 /* glkstart.c */ = {isa = PBXFileReference; lastKnownFileType = sourcecode.c.c; path = glkstart.c; sourceTree = "<group>"; };
		C37CE95B27BA6B6A003A6649 /* gtevent.c */ = {isa = PBXFileReference; lastKnownFileType = sourcecode.c.c; path = gtevent.c; sourceTree = "<group>"; };
		C37CE95C27BA6B6A003A6649 /* gtstyle.c */ = {isa = PBXFileReference; lastKnownFileType = sourcecode.c.c; path = gtstyle.c; sourceTree = "<group>"; };
		C37CE95D27BA6B6A003A6649 /* readme.txt */ = {isa = PBXFileReference; lastKnownFileType = text; path = readme.txt; sourceTree = "<group>"; };
		C37CE95E27BA6B6A003A6649 /* gi_dispa.c */ = {isa = PBXFileReference; lastKnownFileType = sourcecode.c.c; path = gi_dispa.c; sourceTree = "<group>"; };
		C37CE95F27BA6B6A003A6649 /* gtblorb.c */ = {isa = PBXFileReference; lastKnownFileType = sourcecode.c.c; path = gtblorb.c; sourceTree = "<group>"; };
		C37CE96027BA6B6A003A6649 /* gtw_grid.c */ = {isa = PBXFileReference; lastKnownFileType = sourcecode.c.c; path = gtw_grid.c; sourceTree = "<group>"; };
		C37CE96127BA6B6A003A6649 /* glkterm.xcodeproj */ = {isa = PBXFileReference; lastKnownFileType = "wrapper.pb-project"; path = glkterm.xcodeproj; sourceTree = "<group>"; };
		C37CE96427BA6B6A003A6649 /* gtwindow.c */ = {isa = PBXFileReference; lastKnownFileType = sourcecode.c.c; path = gtwindow.c; sourceTree = "<group>"; };
		C37CE96527BA6B6A003A6649 /* gtgestal.c */ = {isa = PBXFileReference; lastKnownFileType = sourcecode.c.c; path = gtgestal.c; sourceTree = "<group>"; };
		C37CE96627BA6B6A003A6649 /* glkterm.h */ = {isa = PBXFileReference; lastKnownFileType = sourcecode.c.h; path = glkterm.h; sourceTree = "<group>"; };
		C37CE96727BA6B6A003A6649 /* gtstream.c */ = {isa = PBXFileReference; lastKnownFileType = sourcecode.c.c; path = gtstream.c; sourceTree = "<group>"; };
		C37CE96827BA6B6A003A6649 /* Make.glkterm */ = {isa = PBXFileReference; lastKnownFileType = text; path = Make.glkterm; sourceTree = "<group>"; };
		C37CE99227BA705D003A6649 /* libncurses.5.4.tbd */ = {isa = PBXFileReference; lastKnownFileType = "sourcecode.text-based-dylib-definition"; name = libncurses.5.4.tbd; path = usr/lib/libncurses.5.4.tbd; sourceTree = SDKROOT; };
		C37CE99427BA7149003A6649 /* decompresstext.h */ = {isa = PBXFileReference; fileEncoding = 4; lastKnownFileType = sourcecode.c.h; path = decompresstext.h; sourceTree = "<group>"; };
		C37CE99527BA7152003A6649 /* decompresstext.c */ = {isa = PBXFileReference; fileEncoding = 4; lastKnownFileType = sourcecode.c.c; path = decompresstext.c; sourceTree = "<group>"; };
		C37CE9B427BA783E003A6649 /* libglkmain.a */ = {isa = PBXFileReference; explicitFileType = archive.ar; includeInIndex = 0; path = libglkmain.a; sourceTree = BUILT_PRODUCTS_DIR; };
		C37CE9C127BA79B8003A6649 /* libglkterm.a */ = {isa = PBXFileReference; explicitFileType = archive.ar; includeInIndex = 0; path = libglkterm.a; sourceTree = BUILT_PRODUCTS_DIR; };
/* End PBXFileReference section */

/* Begin PBXFrameworksBuildPhase section */
		C37CE8E327BA68D5003A6649 /* Frameworks */ = {
			isa = PBXFrameworksBuildPhase;
			buildActionMask = 2147483647;
			files = (
				C37CE9DD27BA7A39003A6649 /* libncurses.5.4.tbd in Frameworks */,
				C37CE9DC27BA7A26003A6649 /* libglkterm.a in Frameworks */,
				C37CE9BC27BA797D003A6649 /* libglkmain.a in Frameworks */,
			);
			runOnlyForDeploymentPostprocessing = 0;
		};
		C37CE9B227BA783E003A6649 /* Frameworks */ = {
			isa = PBXFrameworksBuildPhase;
			buildActionMask = 2147483647;
			files = (
			);
			runOnlyForDeploymentPostprocessing = 0;
		};
		C37CE9BF27BA79B8003A6649 /* Frameworks */ = {
			isa = PBXFrameworksBuildPhase;
			buildActionMask = 2147483647;
			files = (
			);
			runOnlyForDeploymentPostprocessing = 0;
		};
/* End PBXFrameworksBuildPhase section */

/* Begin PBXGroup section */
		C37CE8DD27BA68D5003A6649 = {
			isa = PBXGroup;
			children = (
				C37CE93F27BA6B6A003A6649 /* glkterm */,
				C37CE8E827BA68D5003A6649 /* scottfree */,
				C37CE8E727BA68D5003A6649 /* Products */,
				C37CE98927BA6D14003A6649 /* Frameworks */,
			);
			sourceTree = "<group>";
		};
		C37CE8E727BA68D5003A6649 /* Products */ = {
			isa = PBXGroup;
			children = (
				C37CE8E627BA68D5003A6649 /* scottfree */,
				C37CE9B427BA783E003A6649 /* libglkmain.a */,
				C37CE9C127BA79B8003A6649 /* libglkterm.a */,
			);
			name = Products;
			sourceTree = "<group>";
		};
		C37CE8E827BA68D5003A6649 /* scottfree */ = {
			isa = PBXGroup;
			children = (
				C37CE8F527BA697A003A6649 /* bsd.h */,
				C37CE8FA27BA697A003A6649 /* bsd.c */,
				C37CE99427BA7149003A6649 /* decompresstext.h */,
				C37CE99527BA7152003A6649 /* decompresstext.c */,
				C37CE8FC27BA697A003A6649 /* Definition.txt */,
				C37CE8FF27BA697A003A6649 /* definitions.h */,
				C37CE8F427BA6979003A6649 /* detectgame.h */,
				C37CE8F827BA697A003A6649 /* detectgame.c */,
				C37CE8F727BA697A003A6649 /* gameinfo.h */,
				C37CE8F627BA697A003A6649 /* gameinfo.c */,
				C37CE90427BA697A003A6649 /* layouttext.h */,
				C37CE8FB27BA697A003A6649 /* layouttext.c */,
				C37CE8F327BA6979003A6649 /* load_TI99_4a.h */,
				C37CE90227BA697A003A6649 /* load_TI99_4a.c */,
				C37CE8FD27BA697A003A6649 /* parser.h */,
				C37CE8F927BA697A003A6649 /* parser.c */,
				C37CE8F027BA6979003A6649 /* README */,
				C37CE8F127BA6979003A6649 /* restorestate.h */,
				C37CE90327BA697A003A6649 /* restorestate.c */,
				C37CE8FE27BA697A003A6649 /* scott.h */,
				C37CE8F227BA6979003A6649 /* scott.c */,
			);
			path = scottfree;
			sourceTree = "<group>";
		};
		C37CE93F27BA6B6A003A6649 /* glkterm */ = {
			isa = PBXGroup;
			children = (
				C37CE94027BA6B6A003A6649 /* gtw_blnk.h */,
				C37CE94127BA6B6A003A6649 /* gi_blorb.c */,
				C37CE94227BA6B6A003A6649 /* gtw_buf.h */,
				C37CE94327BA6B6A003A6649 /* gtmisc.c */,
				C37CE94427BA6B6A003A6649 /* gtfref.c */,
				C37CE94527BA6B6A003A6649 /* cgunigen.c */,
				C37CE94627BA6B6A003A6649 /* gtw_pair.c */,
				C37CE94727BA6B6A003A6649 /* gtschan.c */,
				C37CE94827BA6B6A003A6649 /* LICENSE */,
				C37CE94927BA6B6A003A6649 /* glk.h */,
				C37CE94A27BA6B6A003A6649 /* glkstart.h */,
				C37CE94B27BA6B6A003A6649 /* Makefile */,
				C37CE94C27BA6B6A003A6649 /* gtmessag.c */,
				C37CE94D27BA6B6A003A6649 /* gtw_grid.h */,
				C37CE94E27BA6B6A003A6649 /* gi_dispa.h */,
				C37CE94F27BA6B6A003A6649 /* cgunicod.c */,
				C37CE95027BA6B6A003A6649 /* gtoption.h */,
				C37CE95127BA6B6A003A6649 /* gtw_pair.h */,
				C37CE95227BA6B6A003A6649 /* gi_blorb.h */,
				C37CE95327BA6B6A003A6649 /* gtw_buf.c */,
				C37CE95427BA6B6A003A6649 /* main.c */,
				C37CE95527BA6B6A003A6649 /* gtinput.c */,
				C37CE95627BA6B6A003A6649 /* gtw_blnk.c */,
				C37CE95827BA6B6A003A6649 /* gtmessin.c */,
				C37CE95927BA6B6A003A6649 /* cgdate.c */,
				C37CE95A27BA6B6A003A6649 /* glkstart.c */,
				C37CE95B27BA6B6A003A6649 /* gtevent.c */,
				C37CE95C27BA6B6A003A6649 /* gtstyle.c */,
				C37CE95D27BA6B6A003A6649 /* readme.txt */,
				C37CE95E27BA6B6A003A6649 /* gi_dispa.c */,
				C37CE95F27BA6B6A003A6649 /* gtblorb.c */,
				C37CE96027BA6B6A003A6649 /* gtw_grid.c */,
				C37CE96427BA6B6A003A6649 /* gtwindow.c */,
				C37CE96527BA6B6A003A6649 /* gtgestal.c */,
				C37CE96627BA6B6A003A6649 /* glkterm.h */,
				C37CE96727BA6B6A003A6649 /* gtstream.c */,
				C37CE96827BA6B6A003A6649 /* Make.glkterm */,
				C37CE96127BA6B6A003A6649 /* glkterm.xcodeproj */,
			);
			path = glkterm;
			sourceTree = "<group>";
		};
		C37CE96227BA6B6A003A6649 /* Products */ = {
			isa = PBXGroup;
			children = (
			);
			name = Products;
			sourceTree = "<group>";
		};
		C37CE98927BA6D14003A6649 /* Frameworks */ = {
			isa = PBXGroup;
			children = (
				C37CE99227BA705D003A6649 /* libncurses.5.4.tbd */,
			);
			name = Frameworks;
			sourceTree = "<group>";
		};
/* End PBXGroup section */

/* Begin PBXHeadersBuildPhase section */
		C37CE9B027BA783E003A6649 /* Headers */ = {
			isa = PBXHeadersBuildPhase;
			buildActionMask = 2147483647;
			files = (
			);
			runOnlyForDeploymentPostprocessing = 0;
		};
		C37CE9BD27BA79B8003A6649 /* Headers */ = {
			isa = PBXHeadersBuildPhase;
			buildActionMask = 2147483647;
			files = (
			);
			runOnlyForDeploymentPostprocessing = 0;
		};
/* End PBXHeadersBuildPhase section */

/* Begin PBXNativeTarget section */
		C37CE8E527BA68D5003A6649 /* scottfree */ = {
			isa = PBXNativeTarget;
			buildConfigurationList = C37CE8ED27BA68D5003A6649 /* Build configuration list for PBXNativeTarget "scottfree" */;
			buildPhases = (
				C37CE8E227BA68D5003A6649 /* Sources */,
				C37CE8E327BA68D5003A6649 /* Frameworks */,
				C37CE8E427BA68D5003A6649 /* CopyFiles */,
				C37CE98E27BA6D14003A6649 /* Embed Libraries */,
			);
			buildRules = (
			);
			dependencies = (
			);
			name = scottfree;
			productName = scottfree;
			productReference = C37CE8E627BA68D5003A6649 /* scottfree */;
			productType = "com.apple.product-type.tool";
		};
		C37CE9B327BA783E003A6649 /* glkmain */ = {
			isa = PBXNativeTarget;
			buildConfigurationList = C37CE9B527BA783E003A6649 /* Build configuration list for PBXNativeTarget "glkmain" */;
			buildPhases = (
				C37CE9B027BA783E003A6649 /* Headers */,
				C37CE9B127BA783E003A6649 /* Sources */,
				C37CE9B227BA783E003A6649 /* Frameworks */,
			);
			buildRules = (
			);
			dependencies = (
			);
			name = glkmain;
			productName = glkmain;
			productReference = C37CE9B427BA783E003A6649 /* libglkmain.a */;
			productType = "com.apple.product-type.library.static";
		};
		C37CE9C027BA79B8003A6649 /* glkterm */ = {
			isa = PBXNativeTarget;
			buildConfigurationList = C37CE9C227BA79B8003A6649 /* Build configuration list for PBXNativeTarget "glkterm" */;
			buildPhases = (
				C37CE9BD27BA79B8003A6649 /* Headers */,
				C37CE9BE27BA79B8003A6649 /* Sources */,
				C37CE9BF27BA79B8003A6649 /* Frameworks */,
			);
			buildRules = (
			);
			dependencies = (
				C37CE9DB27BA79EA003A6649 /* PBXTargetDependency */,
			);
			name = glkterm;
			productName = glkterm;
			productReference = C37CE9C127BA79B8003A6649 /* libglkterm.a */;
			productType = "com.apple.product-type.library.static";
		};
/* End PBXNativeTarget section */

/* Begin PBXProject section */
		C37CE8DE27BA68D5003A6649 /* Project object */ = {
			isa = PBXProject;
			attributes = {
				BuildIndependentTargetsInParallel = 1;
				LastUpgradeCheck = 1320;
				TargetAttributes = {
					C37CE8E527BA68D5003A6649 = {
						CreatedOnToolsVersion = 13.2.1;
					};
					C37CE9B327BA783E003A6649 = {
						CreatedOnToolsVersion = 13.2.1;
					};
					C37CE9C027BA79B8003A6649 = {
						CreatedOnToolsVersion = 13.2.1;
					};
				};
			};
			buildConfigurationList = C37CE8E127BA68D5003A6649 /* Build configuration list for PBXProject "scottfree" */;
			compatibilityVersion = "Xcode 13.0";
			developmentRegion = en;
			hasScannedForEncodings = 0;
			knownRegions = (
				en,
				Base,
			);
			mainGroup = C37CE8DD27BA68D5003A6649;
			productRefGroup = C37CE8E727BA68D5003A6649 /* Products */;
			projectDirPath = "";
			projectReferences = (
				{
					ProductGroup = C37CE96227BA6B6A003A6649 /* Products */;
					ProjectRef = C37CE96127BA6B6A003A6649 /* glkterm.xcodeproj */;
				},
			);
			projectRoot = "";
			targets = (
				C37CE8E527BA68D5003A6649 /* scottfree */,
				C37CE9B327BA783E003A6649 /* glkmain */,
				C37CE9C027BA79B8003A6649 /* glkterm */,
			);
		};
/* End PBXProject section */

/* Begin PBXSourcesBuildPhase section */
		C37CE8E227BA68D5003A6649 /* Sources */ = {
			isa = PBXSourcesBuildPhase;
			buildActionMask = 2147483647;
			files = (
				C37CE90727BA697A003A6649 /* detectgame.c in Sources */,
				C37CE90C27BA697A003A6649 /* load_TI99_4a.c in Sources */,
				C37CE90D27BA697A003A6649 /* restorestate.c in Sources */,
				C37CE90527BA697A003A6649 /* scott.c in Sources */,
				C37CE90A27BA697A003A6649 /* layouttext.c in Sources */,
				C37CE90927BA697A003A6649 /* bsd.c in Sources */,
				C37CE99627BA7152003A6649 /* decompresstext.c in Sources */,
				C37CE90827BA697A003A6649 /* parser.c in Sources */,
				C37CE90627BA697A003A6649 /* gameinfo.c in Sources */,
			);
			runOnlyForDeploymentPostprocessing = 0;
		};
		C37CE9B127BA783E003A6649 /* Sources */ = {
			isa = PBXSourcesBuildPhase;
			buildActionMask = 2147483647;
			files = (
				C37CE9B827BA7848003A6649 /* main.c in Sources */,
			);
			runOnlyForDeploymentPostprocessing = 0;
		};
		C37CE9BE27BA79B8003A6649 /* Sources */ = {
			isa = PBXSourcesBuildPhase;
			buildActionMask = 2147483647;
			files = (
				C37CE9C527BA79E3003A6649 /* gi_blorb.c in Sources */,
				C37CE9C627BA79E3003A6649 /* gtmisc.c in Sources */,
				C37CE9C727BA79E3003A6649 /* gtfref.c in Sources */,
				C37CE9C827BA79E3003A6649 /* gtw_pair.c in Sources */,
				C37CE9C927BA79E3003A6649 /* gtschan.c in Sources */,
				C37CE9CA27BA79E3003A6649 /* gtmessag.c in Sources */,
				C37CE9CB27BA79E3003A6649 /* cgunicod.c in Sources */,
				C37CE9CC27BA79E3003A6649 /* gtw_buf.c in Sources */,
				C37CE9CD27BA79E3003A6649 /* gtinput.c in Sources */,
				C37CE9CE27BA79E3003A6649 /* gtw_blnk.c in Sources */,
				C37CE9CF27BA79E3003A6649 /* gtmessin.c in Sources */,
				C37CE9D027BA79E3003A6649 /* cgdate.c in Sources */,
				C37CE9D127BA79E3003A6649 /* glkstart.c in Sources */,
				C37CE9D227BA79E3003A6649 /* gtevent.c in Sources */,
				C37CE9D327BA79E3003A6649 /* gtstyle.c in Sources */,
				C37CE9D427BA79E3003A6649 /* gi_dispa.c in Sources */,
				C37CE9D527BA79E3003A6649 /* gtblorb.c in Sources */,
				C37CE9D627BA79E3003A6649 /* gtw_grid.c in Sources */,
				C37CE9D727BA79E3003A6649 /* gtwindow.c in Sources */,
				C37CE9D827BA79E3003A6649 /* gtgestal.c in Sources */,
				C37CE9D927BA79E3003A6649 /* gtstream.c in Sources */,
			);
			runOnlyForDeploymentPostprocessing = 0;
		};
/* End PBXSourcesBuildPhase section */

/* Begin PBXTargetDependency section */
		C37CE9DB27BA79EA003A6649 /* PBXTargetDependency */ = {
			isa = PBXTargetDependency;
			target = C37CE9B327BA783E003A6649 /* glkmain */;
			targetProxy = C37CE9DA27BA79EA003A6649 /* PBXContainerItemProxy */;
		};
/* End PBXTargetDependency section */

/* Begin XCBuildConfiguration section */
		C37CE8EB27BA68D5003A6649 /* Debug */ = {
			isa = XCBuildConfiguration;
			buildSettings = {
				ALWAYS_SEARCH_USER_PATHS = NO;
				CLANG_ANALYZER_NONNULL = YES;
				CLANG_ANALYZER_NUMBER_OBJECT_CONVERSION = YES_AGGRESSIVE;
				CLANG_CXX_LANGUAGE_STANDARD = "gnu++17";
				CLANG_CXX_LIBRARY = "libc++";
				CLANG_ENABLE_MODULES = YES;
				CLANG_ENABLE_OBJC_ARC = YES;
				CLANG_ENABLE_OBJC_WEAK = YES;
				CLANG_WARN_BLOCK_CAPTURE_AUTORELEASING = YES;
				CLANG_WARN_BOOL_CONVERSION = YES;
				CLANG_WARN_COMMA = YES;
				CLANG_WARN_CONSTANT_CONVERSION = YES;
				CLANG_WARN_DEPRECATED_OBJC_IMPLEMENTATIONS = YES;
				CLANG_WARN_DIRECT_OBJC_ISA_USAGE = YES_ERROR;
				CLANG_WARN_DOCUMENTATION_COMMENTS = YES;
				CLANG_WARN_EMPTY_BODY = YES;
				CLANG_WARN_ENUM_CONVERSION = YES;
				CLANG_WARN_INFINITE_RECURSION = YES;
				CLANG_WARN_INT_CONVERSION = YES;
				CLANG_WARN_NON_LITERAL_NULL_CONVERSION = YES;
				CLANG_WARN_OBJC_IMPLICIT_RETAIN_SELF = YES;
				CLANG_WARN_OBJC_LITERAL_CONVERSION = YES;
				CLANG_WARN_OBJC_ROOT_CLASS = YES_ERROR;
				CLANG_WARN_QUOTED_INCLUDE_IN_FRAMEWORK_HEADER = YES;
				CLANG_WARN_RANGE_LOOP_ANALYSIS = YES;
				CLANG_WARN_STRICT_PROTOTYPES = YES;
				CLANG_WARN_SUSPICIOUS_MOVE = YES;
				CLANG_WARN_UNGUARDED_AVAILABILITY = YES_AGGRESSIVE;
				CLANG_WARN_UNREACHABLE_CODE = YES;
				CLANG_WARN__DUPLICATE_METHOD_MATCH = YES;
				COPY_PHASE_STRIP = NO;
				DEBUG_INFORMATION_FORMAT = dwarf;
				ENABLE_STRICT_OBJC_MSGSEND = YES;
				ENABLE_TESTABILITY = YES;
				GCC_C_LANGUAGE_STANDARD = gnu11;
				GCC_DYNAMIC_NO_PIC = NO;
				GCC_NO_COMMON_BLOCKS = YES;
				GCC_OPTIMIZATION_LEVEL = 0;
				GCC_PREPROCESSOR_DEFINITIONS = (
					"DEBUG=1",
					"$(inherited)",
				);
				GCC_WARN_64_TO_32_BIT_CONVERSION = YES;
				GCC_WARN_ABOUT_RETURN_TYPE = YES_ERROR;
				GCC_WARN_UNDECLARED_SELECTOR = YES;
				GCC_WARN_UNINITIALIZED_AUTOS = YES_AGGRESSIVE;
				GCC_WARN_UNUSED_FUNCTION = YES;
				GCC_WARN_UNUSED_VARIABLE = YES;
				MACOSX_DEPLOYMENT_TARGET = 12.1;
				MTL_ENABLE_DEBUG_INFO = INCLUDE_SOURCE;
				MTL_FAST_MATH = YES;
				ONLY_ACTIVE_ARCH = YES;
				SDKROOT = macosx;
			};
			name = Debug;
		};
		C37CE8EC27BA68D5003A6649 /* Release */ = {
			isa = XCBuildConfiguration;
			buildSettings = {
				ALWAYS_SEARCH_USER_PATHS = NO;
				CLANG_ANALYZER_NONNULL = YES;
				CLANG_ANALYZER_NUMBER_OBJECT_CONVERSION = YES_AGGRESSIVE;
				CLANG_CXX_LANGUAGE_STANDARD = "gnu++17";
				CLANG_CXX_LIBRARY = "libc++";
				CLANG_ENABLE_MODULES = YES;
				CLANG_ENABLE_OBJC_ARC = YES;
				CLANG_ENABLE_OBJC_WEAK = YES;
				CLANG_WARN_BLOCK_CAPTURE_AUTORELEASING = YES;
				CLANG_WARN_BOOL_CONVERSION = YES;
				CLANG_WARN_COMMA = YES;
				CLANG_WARN_CONSTANT_CONVERSION = YES;
				CLANG_WARN_DEPRECATED_OBJC_IMPLEMENTATIONS = YES;
				CLANG_WARN_DIRECT_OBJC_ISA_USAGE = YES_ERROR;
				CLANG_WARN_DOCUMENTATION_COMMENTS = YES;
				CLANG_WARN_EMPTY_BODY = YES;
				CLANG_WARN_ENUM_CONVERSION = YES;
				CLANG_WARN_INFINITE_RECURSION = YES;
				CLANG_WARN_INT_CONVERSION = YES;
				CLANG_WARN_NON_LITERAL_NULL_CONVERSION = YES;
				CLANG_WARN_OBJC_IMPLICIT_RETAIN_SELF = YES;
				CLANG_WARN_OBJC_LITERAL_CONVERSION = YES;
				CLANG_WARN_OBJC_ROOT_CLASS = YES_ERROR;
				CLANG_WARN_QUOTED_INCLUDE_IN_FRAMEWORK_HEADER = YES;
				CLANG_WARN_RANGE_LOOP_ANALYSIS = YES;
				CLANG_WARN_STRICT_PROTOTYPES = YES;
				CLANG_WARN_SUSPICIOUS_MOVE = YES;
				CLANG_WARN_UNGUARDED_AVAILABILITY = YES_AGGRESSIVE;
				CLANG_WARN_UNREACHABLE_CODE = YES;
				CLANG_WARN__DUPLICATE_METHOD_MATCH = YES;
				COPY_PHASE_STRIP = NO;
				DEBUG_INFORMATION_FORMAT = "dwarf-with-dsym";
				ENABLE_NS_ASSERTIONS = NO;
				ENABLE_STRICT_OBJC_MSGSEND = YES;
				GCC_C_LANGUAGE_STANDARD = gnu11;
				GCC_NO_COMMON_BLOCKS = YES;
				GCC_WARN_64_TO_32_BIT_CONVERSION = YES;
				GCC_WARN_ABOUT_RETURN_TYPE = YES_ERROR;
				GCC_WARN_UNDECLARED_SELECTOR = YES;
				GCC_WARN_UNINITIALIZED_AUTOS = YES_AGGRESSIVE;
				GCC_WARN_UNUSED_FUNCTION = YES;
				GCC_WARN_UNUSED_VARIABLE = YES;
				MACOSX_DEPLOYMENT_TARGET = 12.1;
				MTL_ENABLE_DEBUG_INFO = NO;
				MTL_FAST_MATH = YES;
				SDKROOT = macosx;
			};
			name = Release;
		};
		C37CE8EE27BA68D5003A6649 /* Debug */ = {
			isa = XCBuildConfiguration;
			buildSettings = {
				CODE_SIGN_STYLE = Automatic;
				DEVELOPMENT_TEAM = 6U7YY3724Y;
				ENABLE_HARDENED_RUNTIME = YES;
				GCC_WARN_64_TO_32_BIT_CONVERSION = NO;
				PRODUCT_NAME = "$(TARGET_NAME)";
			};
			name = Debug;
		};
		C37CE8EF27BA68D5003A6649 /* Release */ = {
			isa = XCBuildConfiguration;
			buildSettings = {
				CODE_SIGN_STYLE = Automatic;
				DEVELOPMENT_TEAM = 6U7YY3724Y;
				ENABLE_HARDENED_RUNTIME = YES;
				GCC_WARN_64_TO_32_BIT_CONVERSION = NO;
				PRODUCT_NAME = "$(TARGET_NAME)";
			};
			name = Release;
		};
		C37CE9B627BA783E003A6649 /* Debug */ = {
			isa = XCBuildConfiguration;
			buildSettings = {
				CODE_SIGN_STYLE = Automatic;
				DEVELOPMENT_TEAM = 6U7YY3724Y;
				EXECUTABLE_PREFIX = lib;
				PRODUCT_NAME = "$(TARGET_NAME)";
				SKIP_INSTALL = YES;
			};
			name = Debug;
		};
		C37CE9B727BA783E003A6649 /* Release */ = {
			isa = XCBuildConfiguration;
			buildSettings = {
				CODE_SIGN_STYLE = Automatic;
				DEVELOPMENT_TEAM = 6U7YY3724Y;
				EXECUTABLE_PREFIX = lib;
				PRODUCT_NAME = "$(TARGET_NAME)";
				SKIP_INSTALL = YES;
			};
			name = Release;
		};
		C37CE9C327BA79B8003A6649 /* Debug */ = {
			isa = XCBuildConfiguration;
			buildSettings = {
				CODE_SIGN_STYLE = Automatic;
				DEVELOPMENT_TEAM = 6U7YY3724Y;
				EXECUTABLE_PREFIX = lib;
				PRODUCT_NAME = "$(TARGET_NAME)";
				SKIP_INSTALL = YES;
			};
			name = Debug;
		};
		C37CE9C427BA79B8003A6649 /* Release */ = {
			isa = XCBuildConfiguration;
			buildSettings = {
				CODE_SIGN_STYLE = Automatic;
				DEVELOPMENT_TEAM = 6U7YY3724Y;
				EXECUTABLE_PREFIX = lib;
				PRODUCT_NAME = "$(TARGET_NAME)";
				SKIP_INSTALL = YES;
			};
			name = Release;
		};
/* End XCBuildConfiguration section */

/* Begin XCConfigurationList section */
		C37CE8E127BA68D5003A6649 /* Build configuration list for PBXProject "scottfree" */ = {
			isa = XCConfigurationList;
			buildConfigurations = (
				C37CE8EB27BA68D5003A6649 /* Debug */,
				C37CE8EC27BA68D5003A6649 /* Release */,
			);
			defaultConfigurationIsVisible = 0;
			defaultConfigurationName = Release;
		};
		C37CE8ED27BA68D5003A6649 /* Build configuration list for PBXNativeTarget "scottfree" */ = {
			isa = XCConfigurationList;
			buildConfigurations = (
				C37CE8EE27BA68D5003A6649 /* Debug */,
				C37CE8EF27BA68D5003A6649 /* Release */,
			);
			defaultConfigurationIsVisible = 0;
			defaultConfigurationName = Release;
		};
		C37CE9B527BA783E003A6649 /* Build configuration list for PBXNativeTarget "glkmain" */ = {
			isa = XCConfigurationList;
			buildConfigurations = (
				C37CE9B627BA783E003A6649 /* Debug */,
				C37CE9B727BA783E003A6649 /* Release */,
			);
			defaultConfigurationIsVisible = 0;
			defaultConfigurationName = Release;
		};
		C37CE9C227BA79B8003A6649 /* Build configuration list for PBXNativeTarget "glkterm" */ = {
			isa = XCConfigurationList;
			buildConfigurations = (
				C37CE9C327BA79B8003A6649 /* Debug */,
				C37CE9C427BA79B8003A6649 /* Release */,
			);
			defaultConfigurationIsVisible = 0;
			defaultConfigurationName = Release;
		};
/* End XCConfigurationList section */
	};
	rootObject = C37CE8DE27BA68D5003A6649 /* Project object */;
}
